Microsoft Visual Studio Solution File, Format Version 11.00
# Visual Studio 2010
Project("{FAE04EC0-301F-11D3-BF4B-00C04F79EFBC}") = "UnityGameFramework.Runtime", "UnityGameFramework.Runtime.csproj", "{235E85F1-E66D-2D6C-0E56-BEC0D623FB4B}"
EndProject
Project("{FAE04EC0-301F-11D3-BF4B-00C04F79EFBC}") = "Assembly-CSharp", "Assembly-CSharp.csproj", "{0AC6FE88-37D6-697C-A823-936D40F10B76}"
EndProject
Project("{FAE04EC0-301F-11D3-BF4B-00C04F79EFBC}") = "PhotonUnityNetworking.Demos", "PhotonUnityNetworking.Demos.csproj", "{344D7B38-D5F7-693D-4D75-1F2DCEF509C3}"
EndProject
Project("{FAE04EC0-301F-11D3-BF4B-00C04F79EFBC}") = "PhotonUnityNetworking.Utilities", "PhotonUnityNetworking.Utilities.csproj", "{70439AB5-EEC2-9E19-B5EF-6689720EF04E}"
EndProject
Project("{FAE04EC0-301F-11D3-BF4B-00C04F79EFBC}") = "PhotonChat", "PhotonChat.csproj", "{83B5404B-BC24-D483-448E-4ABA2D16F130}"
EndProject
Project("{FAE04EC0-301F-11D3-BF4B-00C04F79EFBC}") = "PhotonUnityNetworking", "PhotonUnityNetworking.csproj", "{514C89C6-87BB-7F7E-6921-2C1546DFB323}"
EndProject
Project("{FAE04EC0-301F-11D3-BF4B-00C04F79EFBC}") = "PhotonRealtime", "PhotonRealtime.csproj", "{64F58068-CEB1-8E05-B6EF-F87EBDD38033}"
EndProject
Project("{FAE04EC0-301F-11D3-BF4B-00C04F79EFBC}") = "PhotonWebSocket", "PhotonWebSocket.csproj", "{5BF5744E-7D3D-AB27-6721-791B3D989026}"
EndProject
Project("{FAE04EC0-301F-11D3-BF4B-00C04F79EFBC}") = "UnityGameFramework.Editor", "UnityGameFramework.Editor.csproj", "{9A2A4832-A99E-4258-A28E-29D169E6EFFE}"
EndProject
Project("{FAE04EC0-301F-11D3-BF4B-00C04F79EFBC}") = "Assembly-CSharp-Editor", "Assembly-CSharp-Editor.csproj", "{9128E328-9DC0-C029-C904-8DED122D3225}"
EndProject
Project("{FAE04EC0-301F-11D3-BF4B-00C04F79EFBC}") = "PhotonUnityNetworking.Editor", "PhotonUnityNetworking.Editor.csproj", "{9E6D8917-2081-8765-3717-174F12265977}"
EndProject
Project("{FAE04EC0-301F-11D3-BF4B-00C04F79EFBC}") = "PunDemos.DemoHubEditor", "PunDemos.DemoHubEditor.csproj", "{46AAC9AF-FD09-EFE0-A181-0A7D9C914AC6}"
EndProject
Project("{FAE04EC0-301F-11D3-BF4B-00C04F79EFBC}") = "PhotonUnityNetworking.Utilities.PhotonPlayer.Editor", "PhotonUnityNetworking.Utilities.PhotonPlayer.Editor.csproj", "{31FBBE80-9866-BD15-5C6B-1384FAED06CA}"
EndProject
Project("{FAE04EC0-301F-11D3-BF4B-00C04F79EFBC}") = "PhotonUnityNetworking.Utilities.Culling.Editor", "PhotonUnityNetworking.Utilities.Culling.Editor.csproj", "{2A03910E-3B16-E95E-FD68-8125722437FC}"
EndProject
Project("{FAE04EC0-301F-11D3-BF4B-00C04F79EFBC}") = "PunDemos.DemoSlotcarEditor", "PunDemos.DemoSlotcarEditor.csproj", "{820E4622-915D-DCB6-3B34-A97BC46542B1}"
EndProject
Project("{FAE04EC0-301F-11D3-BF4B-00C04F79EFBC}") = "SteelX.Shared", "..\SteelX.Shared\SteelX.Shared.csproj", "{C4BD7AC0-1333-4D62-A6CD-881A1806FFAD}"
EndProject
Project("{FAE04EC0-301F-11D3-BF4B-00C04F79EFBC}") = "SteelX.UnitTest", "..\SteelX.UnitTest\SteelX.UnitTest.csproj", "{CC299590-AF12-4A25-B265-907D9570BDAF}"
EndProject
Project("{FAE04EC0-301F-11D3-BF4B-00C04F79EFBC}") = "SteelX.Server", "..\SteelX.Server\SteelX.Server.csproj", "{8B57386C-25B2-44A0-A63B-5CF15A162911}"
EndProject
Project("{FAE04EC0-301F-11D3-BF4B-00C04F79EFBC}") = "SteelX.Client", "..\SteelX.Client\SteelX.Client.csproj", "{D21E27F5-1118-4ABB-8B8E-97A9891A4A01}"
EndProject
Project("{FAE04EC0-301F-11D3-BF4B-00C04F79EFBC}") = "GameFramework", "..\GameFramework\GameFramework.csproj", "{109D7F39-79AB-4862-9F73-0B8C638930C6}"
EndProject
Project("{2150E333-8FDC-42A3-9474-1A3956D46DE8}") = "Solution Items", "Solution Items", "{1909DF4C-3567-4A1F-8BB6-C2DE6584088D}"
	ProjectSection(SolutionItems) = preProject
		..\.gitattributes = ..\.gitattributes
		..\.gitignore = ..\.gitignore
		..\.gitmodules = ..\.gitmodules
		..\README.md = ..\README.md
	EndProjectSection
EndProject
Global
	GlobalSection(SolutionConfigurationPlatforms) = preSolution
		Debug|Any CPU = Debug|Any CPU
		Release|Any CPU = Release|Any CPU
	EndGlobalSection
	GlobalSection(ProjectConfigurationPlatforms) = postSolution
		{235E85F1-E66D-2D6C-0E56-BEC0D623FB4B}.Debug|Any CPU.ActiveCfg = Debug|Any CPU
		{235E85F1-E66D-2D6C-0E56-BEC0D623FB4B}.Debug|Any CPU.Build.0 = Debug|Any CPU
		{235E85F1-E66D-2D6C-0E56-BEC0D623FB4B}.Release|Any CPU.ActiveCfg = Release|Any CPU
		{235E85F1-E66D-2D6C-0E56-BEC0D623FB4B}.Release|Any CPU.Build.0 = Release|Any CPU
		{0AC6FE88-37D6-697C-A823-936D40F10B76}.Debug|Any CPU.ActiveCfg = Debug|Any CPU
		{0AC6FE88-37D6-697C-A823-936D40F10B76}.Debug|Any CPU.Build.0 = Debug|Any CPU
		{0AC6FE88-37D6-697C-A823-936D40F10B76}.Release|Any CPU.ActiveCfg = Release|Any CPU
		{0AC6FE88-37D6-697C-A823-936D40F10B76}.Release|Any CPU.Build.0 = Release|Any CPU
		{344D7B38-D5F7-693D-4D75-1F2DCEF509C3}.Debug|Any CPU.ActiveCfg = Debug|Any CPU
		{344D7B38-D5F7-693D-4D75-1F2DCEF509C3}.Debug|Any CPU.Build.0 = Debug|Any CPU
		{344D7B38-D5F7-693D-4D75-1F2DCEF509C3}.Release|Any CPU.ActiveCfg = Release|Any CPU
		{344D7B38-D5F7-693D-4D75-1F2DCEF509C3}.Release|Any CPU.Build.0 = Release|Any CPU
		{70439AB5-EEC2-9E19-B5EF-6689720EF04E}.Debug|Any CPU.ActiveCfg = Debug|Any CPU
		{70439AB5-EEC2-9E19-B5EF-6689720EF04E}.Debug|Any CPU.Build.0 = Debug|Any CPU
		{70439AB5-EEC2-9E19-B5EF-6689720EF04E}.Release|Any CPU.ActiveCfg = Release|Any CPU
		{70439AB5-EEC2-9E19-B5EF-6689720EF04E}.Release|Any CPU.Build.0 = Release|Any CPU
		{83B5404B-BC24-D483-448E-4ABA2D16F130}.Debug|Any CPU.ActiveCfg = Debug|Any CPU
		{83B5404B-BC24-D483-448E-4ABA2D16F130}.Debug|Any CPU.Build.0 = Debug|Any CPU
		{83B5404B-BC24-D483-448E-4ABA2D16F130}.Release|Any CPU.ActiveCfg = Release|Any CPU
		{83B5404B-BC24-D483-448E-4ABA2D16F130}.Release|Any CPU.Build.0 = Release|Any CPU
		{514C89C6-87BB-7F7E-6921-2C1546DFB323}.Debug|Any CPU.ActiveCfg = Debug|Any CPU
		{514C89C6-87BB-7F7E-6921-2C1546DFB323}.Debug|Any CPU.Build.0 = Debug|Any CPU
		{514C89C6-87BB-7F7E-6921-2C1546DFB323}.Release|Any CPU.ActiveCfg = Release|Any CPU
		{514C89C6-87BB-7F7E-6921-2C1546DFB323}.Release|Any CPU.Build.0 = Release|Any CPU
		{64F58068-CEB1-8E05-B6EF-F87EBDD38033}.Debug|Any CPU.ActiveCfg = Debug|Any CPU
		{64F58068-CEB1-8E05-B6EF-F87EBDD38033}.Debug|Any CPU.Build.0 = Debug|Any CPU
		{64F58068-CEB1-8E05-B6EF-F87EBDD38033}.Release|Any CPU.ActiveCfg = Release|Any CPU
		{64F58068-CEB1-8E05-B6EF-F87EBDD38033}.Release|Any CPU.Build.0 = Release|Any CPU
		{5BF5744E-7D3D-AB27-6721-791B3D989026}.Debug|Any CPU.ActiveCfg = Debug|Any CPU
		{5BF5744E-7D3D-AB27-6721-791B3D989026}.Debug|Any CPU.Build.0 = Debug|Any CPU
		{5BF5744E-7D3D-AB27-6721-791B3D989026}.Release|Any CPU.ActiveCfg = Release|Any CPU
		{5BF5744E-7D3D-AB27-6721-791B3D989026}.Release|Any CPU.Build.0 = Release|Any CPU
		{9A2A4832-A99E-4258-A28E-29D169E6EFFE}.Debug|Any CPU.ActiveCfg = Debug|Any CPU
		{9A2A4832-A99E-4258-A28E-29D169E6EFFE}.Debug|Any CPU.Build.0 = Debug|Any CPU
		{9A2A4832-A99E-4258-A28E-29D169E6EFFE}.Release|Any CPU.ActiveCfg = Release|Any CPU
		{9A2A4832-A99E-4258-A28E-29D169E6EFFE}.Release|Any CPU.Build.0 = Release|Any CPU
		{9128E328-9DC0-C029-C904-8DED122D3225}.Debug|Any CPU.ActiveCfg = Debug|Any CPU
		{9128E328-9DC0-C029-C904-8DED122D3225}.Debug|Any CPU.Build.0 = Debug|Any CPU
		{9128E328-9DC0-C029-C904-8DED122D3225}.Release|Any CPU.ActiveCfg = Release|Any CPU
		{9128E328-9DC0-C029-C904-8DED122D3225}.Release|Any CPU.Build.0 = Release|Any CPU
		{9E6D8917-2081-8765-3717-174F12265977}.Debug|Any CPU.ActiveCfg = Debug|Any CPU
		{9E6D8917-2081-8765-3717-174F12265977}.Debug|Any CPU.Build.0 = Debug|Any CPU
		{9E6D8917-2081-8765-3717-174F12265977}.Release|Any CPU.ActiveCfg = Release|Any CPU
		{9E6D8917-2081-8765-3717-174F12265977}.Release|Any CPU.Build.0 = Release|Any CPU
		{46AAC9AF-FD09-EFE0-A181-0A7D9C914AC6}.Debug|Any CPU.ActiveCfg = Debug|Any CPU
		{46AAC9AF-FD09-EFE0-A181-0A7D9C914AC6}.Debug|Any CPU.Build.0 = Debug|Any CPU
		{46AAC9AF-FD09-EFE0-A181-0A7D9C914AC6}.Release|Any CPU.ActiveCfg = Release|Any CPU
		{46AAC9AF-FD09-EFE0-A181-0A7D9C914AC6}.Release|Any CPU.Build.0 = Release|Any CPU
		{31FBBE80-9866-BD15-5C6B-1384FAED06CA}.Debug|Any CPU.ActiveCfg = Debug|Any CPU
		{31FBBE80-9866-BD15-5C6B-1384FAED06CA}.Debug|Any CPU.Build.0 = Debug|Any CPU
		{31FBBE80-9866-BD15-5C6B-1384FAED06CA}.Release|Any CPU.ActiveCfg = Release|Any CPU
		{31FBBE80-9866-BD15-5C6B-1384FAED06CA}.Release|Any CPU.Build.0 = Release|Any CPU
		{2A03910E-3B16-E95E-FD68-8125722437FC}.Debug|Any CPU.ActiveCfg = Debug|Any CPU
		{2A03910E-3B16-E95E-FD68-8125722437FC}.Debug|Any CPU.Build.0 = Debug|Any CPU
		{2A03910E-3B16-E95E-FD68-8125722437FC}.Release|Any CPU.ActiveCfg = Release|Any CPU
		{2A03910E-3B16-E95E-FD68-8125722437FC}.Release|Any CPU.Build.0 = Release|Any CPU
		{820E4622-915D-DCB6-3B34-A97BC46542B1}.Debug|Any CPU.ActiveCfg = Debug|Any CPU
		{820E4622-915D-DCB6-3B34-A97BC46542B1}.Debug|Any CPU.Build.0 = Debug|Any CPU
		{820E4622-915D-DCB6-3B34-A97BC46542B1}.Release|Any CPU.ActiveCfg = Release|Any CPU
		{820E4622-915D-DCB6-3B34-A97BC46542B1}.Release|Any CPU.Build.0 = Release|Any CPU
		{BCA2A453-28A6-271F-07AA-3D38AC10BFCF}.Debug|Any CPU.ActiveCfg = Debug|Any CPU
		{BCA2A453-28A6-271F-07AA-3D38AC10BFCF}.Debug|Any CPU.Build.0 = Debug|Any CPU
		{BCA2A453-28A6-271F-07AA-3D38AC10BFCF}.Release|Any CPU.ActiveCfg = Release|Any CPU
		{BCA2A453-28A6-271F-07AA-3D38AC10BFCF}.Release|Any CPU.Build.0 = Release|Any CPU
		{D19EADA6-8953-A88D-7896-F61420240126}.Debug|Any CPU.ActiveCfg = Debug|Any CPU
		{D19EADA6-8953-A88D-7896-F61420240126}.Debug|Any CPU.Build.0 = Debug|Any CPU
		{D19EADA6-8953-A88D-7896-F61420240126}.Release|Any CPU.ActiveCfg = Release|Any CPU
		{D19EADA6-8953-A88D-7896-F61420240126}.Release|Any CPU.Build.0 = Release|Any CPU
		{6DA914E4-18F8-ED74-3CEF-60DB3792CEF8}.Debug|Any CPU.ActiveCfg = Debug|Any CPU
		{6DA914E4-18F8-ED74-3CEF-60DB3792CEF8}.Debug|Any CPU.Build.0 = Debug|Any CPU
		{6DA914E4-18F8-ED74-3CEF-60DB3792CEF8}.Release|Any CPU.ActiveCfg = Release|Any CPU
		{6DA914E4-18F8-ED74-3CEF-60DB3792CEF8}.Release|Any CPU.Build.0 = Release|Any CPU
		{6DF2C7E3-CEF3-B7F7-35CE-0B328EB76DB3}.Debug|Any CPU.ActiveCfg = Debug|Any CPU
		{6DF2C7E3-CEF3-B7F7-35CE-0B328EB76DB3}.Debug|Any CPU.Build.0 = Debug|Any CPU
		{6DF2C7E3-CEF3-B7F7-35CE-0B328EB76DB3}.Release|Any CPU.ActiveCfg = Release|Any CPU
		{6DF2C7E3-CEF3-B7F7-35CE-0B328EB76DB3}.Release|Any CPU.Build.0 = Release|Any CPU
		{C4BD7AC0-1333-4D62-A6CD-881A1806FFAD}.Debug|Any CPU.ActiveCfg = Debug|Any CPU
		{C4BD7AC0-1333-4D62-A6CD-881A1806FFAD}.Debug|Any CPU.Build.0 = Debug|Any CPU
		{C4BD7AC0-1333-4D62-A6CD-881A1806FFAD}.Release|Any CPU.ActiveCfg = Release|Any CPU
		{C4BD7AC0-1333-4D62-A6CD-881A1806FFAD}.Release|Any CPU.Build.0 = Release|Any CPU
		{CC299590-AF12-4A25-B265-907D9570BDAF}.Debug|Any CPU.ActiveCfg = Debug|Any CPU
		{CC299590-AF12-4A25-B265-907D9570BDAF}.Debug|Any CPU.Build.0 = Debug|Any CPU
		{CC299590-AF12-4A25-B265-907D9570BDAF}.Release|Any CPU.ActiveCfg = Release|Any CPU
		{CC299590-AF12-4A25-B265-907D9570BDAF}.Release|Any CPU.Build.0 = Release|Any CPU
		{8B57386C-25B2-44A0-A63B-5CF15A162911}.Debug|Any CPU.ActiveCfg = Debug|Any CPU
		{8B57386C-25B2-44A0-A63B-5CF15A162911}.Debug|Any CPU.Build.0 = Debug|Any CPU
		{8B57386C-25B2-44A0-A63B-5CF15A162911}.Release|Any CPU.ActiveCfg = Release|Any CPU
		{8B57386C-25B2-44A0-A63B-5CF15A162911}.Release|Any CPU.Build.0 = Release|Any CPU
		{D21E27F5-1118-4ABB-8B8E-97A9891A4A01}.Debug|Any CPU.ActiveCfg = Debug|Any CPU
		{D21E27F5-1118-4ABB-8B8E-97A9891A4A01}.Debug|Any CPU.Build.0 = Debug|Any CPU
		{D21E27F5-1118-4ABB-8B8E-97A9891A4A01}.Release|Any CPU.ActiveCfg = Release|Any CPU
		{D21E27F5-1118-4ABB-8B8E-97A9891A4A01}.Release|Any CPU.Build.0 = Release|Any CPU
		{109D7F39-79AB-4862-9F73-0B8C638930C6}.Debug|Any CPU.ActiveCfg = Debug|Any CPU
		{109D7F39-79AB-4862-9F73-0B8C638930C6}.Debug|Any CPU.Build.0 = Debug|Any CPU
		{109D7F39-79AB-4862-9F73-0B8C638930C6}.Release|Any CPU.ActiveCfg = Release|Any CPU
		{109D7F39-79AB-4862-9F73-0B8C638930C6}.Release|Any CPU.Build.0 = Release|Any CPU
	EndGlobalSection
	GlobalSection(SolutionProperties) = preSolution
		HideSolutionNode = FALSE
	EndGlobalSection
	GlobalSection(ExtensibilityGlobals) = postSolution
		SolutionGuid = {64CAE012-38C2-4916-9C3E-E32A4559C473}
	EndGlobalSection
	GlobalSection(MonoDevelopProperties) = preSolution
		StartupItem = Assembly-CSharp.csproj
	EndGlobalSection
EndGlobal
